// !$*UTF8*$!
{
	archiveVersion = 1;
	classes = {
	};
	objectVersion = 46;
	objects = {

/* Begin PBXBuildFile section */
		74ABD8871CA0615400C366BE /* Category.swift in Sources */ = {isa = PBXBuildFile; fileRef = 74ABD8861CA0615400C366BE /* Category.swift */; };
		74C5AD441C642F0D0092919F /* AppDelegate.swift in Sources */ = {isa = PBXBuildFile; fileRef = 74C5AD431C642F0D0092919F /* AppDelegate.swift */; };
		74C5AD461C642F0D0092919F /* MenuViewController.swift in Sources */ = {isa = PBXBuildFile; fileRef = 74C5AD451C642F0D0092919F /* MenuViewController.swift */; };
		74C5AD491C642F0D0092919F /* Main.storyboard in Resources */ = {isa = PBXBuildFile; fileRef = 74C5AD471C642F0D0092919F /* Main.storyboard */; };
		74C5AD4B1C642F0D0092919F /* Assets.xcassets in Resources */ = {isa = PBXBuildFile; fileRef = 74C5AD4A1C642F0D0092919F /* Assets.xcassets */; };
		74C5AD4E1C642F0D0092919F /* LaunchScreen.storyboard in Resources */ = {isa = PBXBuildFile; fileRef = 74C5AD4C1C642F0D0092919F /* LaunchScreen.storyboard */; };
		74C5AD591C642F0D0092919F /* Hang_manTests.swift in Sources */ = {isa = PBXBuildFile; fileRef = 74C5AD581C642F0D0092919F /* Hang_manTests.swift */; };
		74C5AD641C642F0D0092919F /* Hang_manUITests.swift in Sources */ = {isa = PBXBuildFile; fileRef = 74C5AD631C642F0D0092919F /* Hang_manUITests.swift */; };
		74DE63CD1CA310EB004F665B /* CategoryViewController.swift in Sources */ = {isa = PBXBuildFile; fileRef = 74DE63CC1CA310EB004F665B /* CategoryViewController.swift */; };
		74DE63CF1CA3116E004F665B /* PlayViewController.swift in Sources */ = {isa = PBXBuildFile; fileRef = 74DE63CE1CA3116E004F665B /* PlayViewController.swift */; };
/* End PBXBuildFile section */

/* Begin PBXContainerItemProxy section */
		74C5AD551C642F0D0092919F /* PBXContainerItemProxy */ = {
			isa = PBXContainerItemProxy;
			containerPortal = 74C5AD381C642F0C0092919F /* Project object */;
			proxyType = 1;
			remoteGlobalIDString = 74C5AD3F1C642F0D0092919F;
			remoteInfo = "Hang man";
		};
		74C5AD601C642F0D0092919F /* PBXContainerItemProxy */ = {
			isa = PBXContainerItemProxy;
			containerPortal = 74C5AD381C642F0C0092919F /* Project object */;
			proxyType = 1;
			remoteGlobalIDString = 74C5AD3F1C642F0D0092919F;
			remoteInfo = "Hang man";
		};
/* End PBXContainerItemProxy section */

/* Begin PBXFileReference section */
		74ABD8861CA0615400C366BE /* Category.swift */ = {isa = PBXFileReference; fileEncoding = 4; lastKnownFileType = sourcecode.swift; path = Category.swift; sourceTree = "<group>"; };
		74C5AD401C642F0D0092919F /* Hang man.app */ = {isa = PBXFileReference; explicitFileType = wrapper.application; includeInIndex = 0; path = "Hang man.app"; sourceTree = BUILT_PRODUCTS_DIR; };
		74C5AD431C642F0D0092919F /* AppDelegate.swift */ = {isa = PBXFileReference; lastKnownFileType = sourcecode.swift; path = AppDelegate.swift; sourceTree = "<group>"; };
		74C5AD451C642F0D0092919F /* MenuViewController.swift */ = {isa = PBXFileReference; lastKnownFileType = sourcecode.swift; path = MenuViewController.swift; sourceTree = "<group>"; };
		74C5AD481C642F0D0092919F /* Base */ = {isa = PBXFileReference; lastKnownFileType = file.storyboard; name = Base; path = Base.lproj/Main.storyboard; sourceTree = "<group>"; };
		74C5AD4A1C642F0D0092919F /* Assets.xcassets */ = {isa = PBXFileReference; lastKnownFileType = folder.assetcatalog; path = Assets.xcassets; sourceTree = "<group>"; };
		74C5AD4D1C642F0D0092919F /* Base */ = {isa = PBXFileReference; lastKnownFileType = file.storyboard; name = Base; path = Base.lproj/LaunchScreen.storyboard; sourceTree = "<group>"; };
		74C5AD4F1C642F0D0092919F /* Info.plist */ = {isa = PBXFileReference; lastKnownFileType = text.plist.xml; path = Info.plist; sourceTree = "<group>"; };
		74C5AD541C642F0D0092919F /* Hang manTests.xctest */ = {isa = PBXFileReference; explicitFileType = wrapper.cfbundle; includeInIndex = 0; path = "Hang manTests.xctest"; sourceTree = BUILT_PRODUCTS_DIR; };
		74C5AD581C642F0D0092919F /* Hang_manTests.swift */ = {isa = PBXFileReference; lastKnownFileType = sourcecode.swift; path = Hang_manTests.swift; sourceTree = "<group>"; };
		74C5AD5A1C642F0D0092919F /* Info.plist */ = {isa = PBXFileReference; lastKnownFileType = text.plist.xml; path = Info.plist; sourceTree = "<group>"; };
		74C5AD5F1C642F0D0092919F /* Hang manUITests.xctest */ = {isa = PBXFileReference; explicitFileType = wrapper.cfbundle; includeInIndex = 0; path = "Hang manUITests.xctest"; sourceTree = BUILT_PRODUCTS_DIR; };
		74C5AD631C642F0D0092919F /* Hang_manUITests.swift */ = {isa = PBXFileReference; lastKnownFileType = sourcecode.swift; path = Hang_manUITests.swift; sourceTree = "<group>"; };
		74C5AD651C642F0D0092919F /* Info.plist */ = {isa = PBXFileReference; lastKnownFileType = text.plist.xml; path = Info.plist; sourceTree = "<group>"; };
		74DE63CC1CA310EB004F665B /* CategoryViewController.swift */ = {isa = PBXFileReference; fileEncoding = 4; lastKnownFileType = sourcecode.swift; path = CategoryViewController.swift; sourceTree = "<group>"; };
		74DE63CE1CA3116E004F665B /* PlayViewController.swift */ = {isa = PBXFileReference; fileEncoding = 4; lastKnownFileType = sourcecode.swift; path = PlayViewController.swift; sourceTree = "<group>"; };
/* End PBXFileReference section */

/* Begin PBXFrameworksBuildPhase section */
		74C5AD3D1C642F0D0092919F /* Frameworks */ = {
			isa = PBXFrameworksBuildPhase;
			buildActionMask = 2147483647;
			files = (
			);
			runOnlyForDeploymentPostprocessing = 0;
		};
		74C5AD511C642F0D0092919F /* Frameworks */ = {
			isa = PBXFrameworksBuildPhase;
			buildActionMask = 2147483647;
			files = (
			);
			runOnlyForDeploymentPostprocessing = 0;
		};
		74C5AD5C1C642F0D0092919F /* Frameworks */ = {
			isa = PBXFrameworksBuildPhase;
			buildActionMask = 2147483647;
			files = (
			);
			runOnlyForDeploymentPostprocessing = 0;
		};
/* End PBXFrameworksBuildPhase section */

/* Begin PBXGroup section */
		74C5AD371C642F0C0092919F = {
			isa = PBXGroup;
			children = (
				74C5AD421C642F0D0092919F /* Hang man */,
				74C5AD571C642F0D0092919F /* Hang manTests */,
				74C5AD621C642F0D0092919F /* Hang manUITests */,
				74C5AD411C642F0D0092919F /* Products */,
			);
			sourceTree = "<group>";
		};
		74C5AD411C642F0D0092919F /* Products */ = {
			isa = PBXGroup;
			children = (
				74C5AD401C642F0D0092919F /* Hang man.app */,
				74C5AD541C642F0D0092919F /* Hang manTests.xctest */,
				74C5AD5F1C642F0D0092919F /* Hang manUITests.xctest */,
			);
			name = Products;
			sourceTree = "<group>";
		};
		74C5AD421C642F0D0092919F /* Hang man */ = {
			isa = PBXGroup;
			children = (
				74C5AD431C642F0D0092919F /* AppDelegate.swift */,
				74C5AD451C642F0D0092919F /* MenuViewController.swift */,
				74C5AD471C642F0D0092919F /* Main.storyboard */,
				74C5AD4A1C642F0D0092919F /* Assets.xcassets */,
				74C5AD4C1C642F0D0092919F /* LaunchScreen.storyboard */,
				74C5AD4F1C642F0D0092919F /* Info.plist */,
				74ABD8861CA0615400C366BE /* Category.swift */,
				74DE63CC1CA310EB004F665B /* CategoryViewController.swift */,
				74DE63CE1CA3116E004F665B /* PlayViewController.swift */,
			);
			path = "Hang man";
			sourceTree = "<group>";
		};
		74C5AD571C642F0D0092919F /* Hang manTests */ = {
			isa = PBXGroup;
			children = (
				74C5AD581C642F0D0092919F /* Hang_manTests.swift */,
				74C5AD5A1C642F0D0092919F /* Info.plist */,
			);
			path = "Hang manTests";
			sourceTree = "<group>";
		};
		74C5AD621C642F0D0092919F /* Hang manUITests */ = {
			isa = PBXGroup;
			children = (
				74C5AD631C642F0D0092919F /* Hang_manUITests.swift */,
				74C5AD651C642F0D0092919F /* Info.plist */,
			);
			path = "Hang manUITests";
			sourceTree = "<group>";
		};
/* End PBXGroup section */

/* Begin PBXNativeTarget section */
		74C5AD3F1C642F0D0092919F /* Hang man */ = {
			isa = PBXNativeTarget;
			buildConfigurationList = 74C5AD681C642F0D0092919F /* Build configuration list for PBXNativeTarget "Hang man" */;
			buildPhases = (
				74C5AD3C1C642F0D0092919F /* Sources */,
				74C5AD3D1C642F0D0092919F /* Frameworks */,
				74C5AD3E1C642F0D0092919F /* Resources */,
			);
			buildRules = (
			);
			dependencies = (
			);
			name = "Hang man";
			productName = "Hang man";
			productReference = 74C5AD401C642F0D0092919F /* Hang man.app */;
			productType = "com.apple.product-type.application";
		};
		74C5AD531C642F0D0092919F /* Hang manTests */ = {
			isa = PBXNativeTarget;
			buildConfigurationList = 74C5AD6B1C642F0D0092919F /* Build configuration list for PBXNativeTarget "Hang manTests" */;
			buildPhases = (
				74C5AD501C642F0D0092919F /* Sources */,
				74C5AD511C642F0D0092919F /* Frameworks */,
				74C5AD521C642F0D0092919F /* Resources */,
			);
			buildRules = (
			);
			dependencies = (
				74C5AD561C642F0D0092919F /* PBXTargetDependency */,
			);
			name = "Hang manTests";
			productName = "Hang manTests";
			productReference = 74C5AD541C642F0D0092919F /* Hang manTests.xctest */;
			productType = "com.apple.product-type.bundle.unit-test";
		};
		74C5AD5E1C642F0D0092919F /* Hang manUITests */ = {
			isa = PBXNativeTarget;
			buildConfigurationList = 74C5AD6E1C642F0D0092919F /* Build configuration list for PBXNativeTarget "Hang manUITests" */;
			buildPhases = (
				74C5AD5B1C642F0D0092919F /* Sources */,
				74C5AD5C1C642F0D0092919F /* Frameworks */,
				74C5AD5D1C642F0D0092919F /* Resources */,
			);
			buildRules = (
			);
			dependencies = (
				74C5AD611C642F0D0092919F /* PBXTargetDependency */,
			);
			name = "Hang manUITests";
			productName = "Hang manUITests";
			productReference = 74C5AD5F1C642F0D0092919F /* Hang manUITests.xctest */;
			productType = "com.apple.product-type.bundle.ui-testing";
		};
/* End PBXNativeTarget section */

/* Begin PBXProject section */
		74C5AD381C642F0C0092919F /* Project object */ = {
			isa = PBXProject;
			attributes = {
				LastSwiftUpdateCheck = 0720;
				LastUpgradeCheck = 0720;
				ORGANIZATIONNAME = "Quang Vu";
				TargetAttributes = {
					74C5AD3F1C642F0D0092919F = {
						CreatedOnToolsVersion = 7.2;
						DevelopmentTeam = TALKAB4XDB;
					};
					74C5AD531C642F0D0092919F = {
						CreatedOnToolsVersion = 7.2;
						DevelopmentTeam = TALKAB4XDB;
						TestTargetID = 74C5AD3F1C642F0D0092919F;
					};
					74C5AD5E1C642F0D0092919F = {
						CreatedOnToolsVersion = 7.2;
						DevelopmentTeam = TALKAB4XDB;
						TestTargetID = 74C5AD3F1C642F0D0092919F;
					};
				};
			};
			buildConfigurationList = 74C5AD3B1C642F0D0092919F /* Build configuration list for PBXProject "Hang man" */;
			compatibilityVersion = "Xcode 3.2";
			developmentRegion = English;
			hasScannedForEncodings = 0;
			knownRegions = (
				en,
				Base,
			);
			mainGroup = 74C5AD371C642F0C0092919F;
			productRefGroup = 74C5AD411C642F0D0092919F /* Products */;
			projectDirPath = "";
			projectRoot = "";
			targets = (
				74C5AD3F1C642F0D0092919F /* Hang man */,
				74C5AD531C642F0D0092919F /* Hang manTests */,
				74C5AD5E1C642F0D0092919F /* Hang manUITests */,
			);
		};
/* End PBXProject section */

/* Begin PBXResourcesBuildPhase section */
		74C5AD3E1C642F0D0092919F /* Resources */ = {
			isa = PBXResourcesBuildPhase;
			buildActionMask = 2147483647;
			files = (
				74C5AD4E1C642F0D0092919F /* LaunchScreen.storyboard in Resources */,
				74C5AD4B1C642F0D0092919F /* Assets.xcassets in Resources */,
				74C5AD491C642F0D0092919F /* Main.storyboard in Resources */,
			);
			runOnlyForDeploymentPostprocessing = 0;
		};
		74C5AD521C642F0D0092919F /* Resources */ = {
			isa = PBXResourcesBuildPhase;
			buildActionMask = 2147483647;
			files = (
			);
			runOnlyForDeploymentPostprocessing = 0;
		};
		74C5AD5D1C642F0D0092919F /* Resources */ = {
			isa = PBXResourcesBuildPhase;
			buildActionMask = 2147483647;
			files = (
			);
			runOnlyForDeploymentPostprocessing = 0;
		};
/* End PBXResourcesBuildPhase section */

/* Begin PBXSourcesBuildPhase section */
		74C5AD3C1C642F0D0092919F /* Sources */ = {
			isa = PBXSourcesBuildPhase;
			buildActionMask = 2147483647;
			files = (
				74DE63CD1CA310EB004F665B /* CategoryViewController.swift in Sources */,
				74DE63CF1CA3116E004F665B /* PlayViewController.swift in Sources */,
				74C5AD461C642F0D0092919F /* MenuViewController.swift in Sources */,
				74C5AD441C642F0D0092919F /* AppDelegate.swift in Sources */,
				74ABD8871CA0615400C366BE /* Category.swift in Sources */,
			);
			runOnlyForDeploymentPostprocessing = 0;
		};
		74C5AD501C642F0D0092919F /* Sources */ = {
			isa = PBXSourcesBuildPhase;
			buildActionMask = 2147483647;
			files = (
				74C5AD591C642F0D0092919F /* Hang_manTests.swift in Sources */,
			);
			runOnlyForDeploymentPostprocessing = 0;
		};
		74C5AD5B1C642F0D0092919F /* Sources */ = {
			isa = PBXSourcesBuildPhase;
			buildActionMask = 2147483647;
			files = (
				74C5AD641C642F0D0092919F /* Hang_manUITests.swift in Sources */,
			);
			runOnlyForDeploymentPostprocessing = 0;
		};
/* End PBXSourcesBuildPhase section */

/* Begin PBXTargetDependency section */
		74C5AD561C642F0D0092919F /* PBXTargetDependency */ = {
			isa = PBXTargetDependency;
			target = 74C5AD3F1C642F0D0092919F /* Hang man */;
			targetProxy = 74C5AD551C642F0D0092919F /* PBXContainerItemProxy */;
		};
		74C5AD611C642F0D0092919F /* PBXTargetDependency */ = {
			isa = PBXTargetDependency;
			target = 74C5AD3F1C642F0D0092919F /* Hang man */;
			targetProxy = 74C5AD601C642F0D0092919F /* PBXContainerItemProxy */;
		};
/* End PBXTargetDependency section */

/* Begin PBXVariantGroup section */
		74C5AD471C642F0D0092919F /* Main.storyboard */ = {
			isa = PBXVariantGroup;
			children = (
				74C5AD481C642F0D0092919F /* Base */,
			);
			name = Main.storyboard;
			sourceTree = "<group>";
		};
		74C5AD4C1C642F0D0092919F /* LaunchScreen.storyboard */ = {
			isa = PBXVariantGroup;
			children = (
				74C5AD4D1C642F0D0092919F /* Base */,
			);
			name = LaunchScreen.storyboard;
			sourceTree = "<group>";
		};
/* End PBXVariantGroup section */

/* Begin XCBuildConfiguration section */
		74C5AD661C642F0D0092919F /* Debug */ = {
			isa = XCBuildConfiguration;
			buildSettings = {
				ALWAYS_SEARCH_USER_PATHS = NO;
				CLANG_CXX_LANGUAGE_STANDARD = "gnu++0x";
				CLANG_CXX_LIBRARY = "libc++";
				CLANG_ENABLE_MODULES = YES;
				CLANG_ENABLE_OBJC_ARC = YES;
				CLANG_WARN_BOOL_CONVERSION = YES;
				CLANG_WARN_CONSTANT_CONVERSION = YES;
				CLANG_WARN_DIRECT_OBJC_ISA_USAGE = YES_ERROR;
				CLANG_WARN_EMPTY_BODY = YES;
				CLANG_WARN_ENUM_CONVERSION = YES;
				CLANG_WARN_INT_CONVERSION = YES;
				CLANG_WARN_OBJC_ROOT_CLASS = YES_ERROR;
				CLANG_WARN_UNREACHABLE_CODE = YES;
				CLANG_WARN__DUPLICATE_METHOD_MATCH = YES;
				"CODE_SIGN_IDENTITY[sdk=iphoneos*]" = "iPhone Developer";
				COPY_PHASE_STRIP = NO;
				DEBUG_INFORMATION_FORMAT = dwarf;
				ENABLE_STRICT_OBJC_MSGSEND = YES;
				ENABLE_TESTABILITY = YES;
				GCC_C_LANGUAGE_STANDARD = gnu99;
				GCC_DYNAMIC_NO_PIC = NO;
				GCC_NO_COMMON_BLOCKS = YES;
				GCC_OPTIMIZATION_LEVEL = 0;
				GCC_PREPROCESSOR_DEFINITIONS = (
					"DEBUG=1",
					"$(inherited)",
				);
				GCC_WARN_64_TO_32_BIT_CONVERSION = YES;
				GCC_WARN_ABOUT_RETURN_TYPE = YES_ERROR;
				GCC_WARN_UNDECLARED_SELECTOR = YES;
				GCC_WARN_UNINITIALIZED_AUTOS = YES_AGGRESSIVE;
				GCC_WARN_UNUSED_FUNCTION = YES;
				GCC_WARN_UNUSED_VARIABLE = YES;
				IPHONEOS_DEPLOYMENT_TARGET = 9.2;
				MTL_ENABLE_DEBUG_INFO = YES;
				ONLY_ACTIVE_ARCH = YES;
				SDKROOT = iphoneos;
				SWIFT_OPTIMIZATION_LEVEL = "-Onone";
			};
			name = Debug;
		};
		74C5AD671C642F0D0092919F /* Release */ = {
			isa = XCBuildConfiguration;
			buildSettings = {
				ALWAYS_SEARCH_USER_PATHS = NO;
				CLANG_CXX_LANGUAGE_STANDARD = "gnu++0x";
				CLANG_CXX_LIBRARY = "libc++";
				CLANG_ENABLE_MODULES = YES;
				CLANG_ENABLE_OBJC_ARC = YES;
				CLANG_WARN_BOOL_CONVERSION = YES;
				CLANG_WARN_CONSTANT_CONVERSION = YES;
				CLANG_WARN_DIRECT_OBJC_ISA_USAGE = YES_ERROR;
				CLANG_WARN_EMPTY_BODY = YES;
				CLANG_WARN_ENUM_CONVERSION = YES;
				CLANG_WARN_INT_CONVERSION = YES;
				CLANG_WARN_OBJC_ROOT_CLASS = YES_ERROR;
				CLANG_WARN_UNREACHABLE_CODE = YES;
				CLANG_WARN__DUPLICATE_METHOD_MATCH = YES;
				"CODE_SIGN_IDENTITY[sdk=iphoneos*]" = "iPhone Developer";
				COPY_PHASE_STRIP = NO;
				DEBUG_INFORMATION_FORMAT = "dwarf-with-dsym";
				ENABLE_NS_ASSERTIONS = NO;
				ENABLE_STRICT_OBJC_MSGSEND = YES;
				GCC_C_LANGUAGE_STANDARD = gnu99;
				GCC_NO_COMMON_BLOCKS = YES;
				GCC_WARN_64_TO_32_BIT_CONVERSION = YES;
				GCC_WARN_ABOUT_RETURN_TYPE = YES_ERROR;
				GCC_WARN_UNDECLARED_SELECTOR = YES;
				GCC_WARN_UNINITIALIZED_AUTOS = YES_AGGRESSIVE;
				GCC_WARN_UNUSED_FUNCTION = YES;
				GCC_WARN_UNUSED_VARIABLE = YES;
				IPHONEOS_DEPLOYMENT_TARGET = 9.2;
				MTL_ENABLE_DEBUG_INFO = NO;
				SDKROOT = iphoneos;
				VALIDATE_PRODUCT = YES;
			};
			name = Release;
		};
		74C5AD691C642F0D0092919F /* Debug */ = {
			isa = XCBuildConfiguration;
			buildSettings = {
				ASSETCATALOG_COMPILER_APPICON_NAME = AppIcon;
				INFOPLIST_FILE = "Hang man/Info.plist";
				LD_RUNPATH_SEARCH_PATHS = "$(inherited) @executable_path/Frameworks";
				PRODUCT_BUNDLE_IDENTIFIER = "QuangVu.Hang-man";
				PRODUCT_NAME = "$(TARGET_NAME)";
			};
			name = Debug;
		};
		74C5AD6A1C642F0D0092919F /* Release */ = {
			isa = XCBuildConfiguration;
			buildSettings = {
				ASSETCATALOG_COMPILER_APPICON_NAME = AppIcon;
				INFOPLIST_FILE = "Hang man/Info.plist";
				LD_RUNPATH_SEARCH_PATHS = "$(inherited) @executable_path/Frameworks";
				PRODUCT_BUNDLE_IDENTIFIER = "QuangVu.Hang-man";
				PRODUCT_NAME = "$(TARGET_NAME)";
			};
			name = Release;
		};
		74C5AD6C1C642F0D0092919F /* Debug */ = {
			isa = XCBuildConfiguration;
			buildSettings = {
				BUNDLE_LOADER = "$(TEST_HOST)";
				INFOPLIST_FILE = "Hang manTests/Info.plist";
				LD_RUNPATH_SEARCH_PATHS = "$(inherited) @executable_path/Frameworks @loader_path/Frameworks";
				PRODUCT_BUNDLE_IDENTIFIER = "QuangVu.Hang-manTests";
				PRODUCT_NAME = "$(TARGET_NAME)";
				TEST_HOST = "$(BUILT_PRODUCTS_DIR)/Hang man.app/Hang man";
			};
			name = Debug;
		};
		74C5AD6D1C642F0D0092919F /* Release */ = {
			isa = XCBuildConfiguration;
			buildSettings = {
				BUNDLE_LOADER = "$(TEST_HOST)";
				INFOPLIST_FILE = "Hang manTests/Info.plist";
				LD_RUNPATH_SEARCH_PATHS = "$(inherited) @executable_path/Frameworks @loader_path/Frameworks";
				PRODUCT_BUNDLE_IDENTIFIER = "QuangVu.Hang-manTests";
				PRODUCT_NAME = "$(TARGET_NAME)";
				TEST_HOST = "$(BUILT_PRODUCTS_DIR)/Hang man.app/Hang man";
			};
			name = Release;
		};
		74C5AD6F1C642F0D0092919F /* Debug */ = {
			isa = XCBuildConfiguration;
			buildSettings = {
				INFOPLIST_FILE = "Hang manUITests/Info.plist";
				LD_RUNPATH_SEARCH_PATHS = "$(inherited) @executable_path/Frameworks @loader_path/Frameworks";
				PRODUCT_BUNDLE_IDENTIFIER = "QuangVu.Hang-manUITests";
				PRODUCT_NAME = "$(TARGET_NAME)";
				TEST_TARGET_NAME = "Hang man";
				USES_XCTRUNNER = YES;
			};
			name = Debug;
		};
		74C5AD701C642F0D0092919F /* Release */ = {
			isa = XCBuildConfiguration;
			buildSettings = {
				INFOPLIST_FILE = "Hang manUITests/Info.plist";
				LD_RUNPATH_SEARCH_PATHS = "$(inherited) @executable_path/Frameworks @loader_path/Frameworks";
				PRODUCT_BUNDLE_IDENTIFIER = "QuangVu.Hang-manUITests";
				PRODUCT_NAME = "$(TARGET_NAME)";
				TEST_TARGET_NAME = "Hang man";
				USES_XCTRUNNER = YES;
			};
			name = Release;
		};
/* End XCBuildConfiguration section */

/* Begin XCConfigurationList section */
		74C5AD3B1C642F0D0092919F /* Build configuration list for PBXProject "Hang man" */ = {
			isa = XCConfigurationList;
			buildConfigurations = (
				74C5AD661C642F0D0092919F /* Debug */,
				74C5AD671C642F0D0092919F /* Release */,
			);
			defaultConfigurationIsVisible = 0;
			defaultConfigurationName = Release;
		};
		74C5AD681C642F0D0092919F /* Build configuration list for PBXNativeTarget "Hang man" */ = {
			isa = XCConfigurationList;
			buildConfigurations = (
				74C5AD691C642F0D0092919F /* Debug */,
				74C5AD6A1C642F0D0092919F /* Release */,
			);
			defaultConfigurationIsVisible = 0;
			defaultConfigurationName = Release;
		};
		74C5AD6B1C642F0D0092919F /* Build configuration list for PBXNativeTarget "Hang manTests" */ = {
			isa = XCConfigurationList;
			buildConfigurations = (
				74C5AD6C1C642F0D0092919F /* Debug */,
				74C5AD6D1C642F0D0092919F /* Release */,
			);
			defaultConfigurationIsVisible = 0;
			defaultConfigurationName = Release;
		};
		74C5AD6E1C642F0D0092919F /* Build configuration list for PBXNativeTarget "Hang manUITests" */ = {
			isa = XCConfigurationList;
			buildConfigurations = (
				74C5AD6F1C642F0D0092919F /* Debug */,
				74C5AD701C642F0D0092919F /* Release */,
			);
			defaultConfigurationIsVisible = 0;
			defaultConfigurationName = Release;
		};
/* End XCConfigurationList section */
	};
	rootObject = 74C5AD381C642F0C0092919F /* Project object */;
}
